
Microsoft Visual Studio Solution File, Format Version 12.00
# Visual Studio Version 17
VisualStudioVersion = 17.10.35122.118
MinimumVisualStudioVersion = 10.0.40219.1
Project("{F184B08F-C81C-45F6-A57F-5ABD9991F28F}") = "MYSQL Database Connection", "MYSQL Database Connection\MYSQL Database Connection.vbproj", "{CF5EFB4D-5EDC-4DA0-9E14-11F7B2D1D573}"
EndProject
Global
	GlobalSection(SolutionConfigurationPlatforms) = preSolution
		Debug|Any CPU = Debug|Any CPU
		Release|Any CPU = Release|Any CPU
	EndGlobalSection
	GlobalSection(ProjectConfigurationPlatforms) = postSolution
		{CF5EFB4D-5EDC-4DA0-9E14-11F7B2D1D573}.Debug|Any CPU.ActiveCfg = Debug|Any CPU
		{CF5EFB4D-5EDC-4DA0-9E14-11F7B2D1D573}.Debug|Any CPU.Build.0 = Debug|Any CPU
		{CF5EFB4D-5EDC-4DA0-9E14-11F7B2D1D573}.Release|Any CPU.ActiveCfg = Release|Any CPU
		{CF5EFB4D-5EDC-4DA0-9E14-11F7B2D1D573}.Release|Any CPU.Build.0 = Release|Any CPU
	EndGlobalSection
	GlobalSection(SolutionProperties) = preSolution
		HideSolutionNode = FALSE
	EndGlobalSection
	GlobalSection(ExtensibilityGlobals) = postSolution
		SolutionGuid = {2A41E62E-094B-4E7D-9966-B7A7CD67E9B4}
	EndGlobalSection
EndGlobal
